// !$*UTF8*$!
{
	archiveVersion = 1;
	classes = {
	};
	objectVersion = 46;
	objects = {

/* Begin PBXBuildFile section */
		BA438A961EA3D08F00D1D702 /* projeto1.c in Sources */ = {isa = PBXBuildFile; fileRef = BA438A921EA3D08F00D1D702 /* projeto1.c */; };
		BA438A971EA3D08F00D1D702 /* Makefile in Sources */ = {isa = PBXBuildFile; fileRef = BA438A941EA3D08F00D1D702 /* Makefile */; };
		BA438A9A1EA3D0AA00D1D702 /* OpenGL.framework in Frameworks */ = {isa = PBXBuildFile; fileRef = BA438A991EA3D0AA00D1D702 /* OpenGL.framework */; };
		BA438A9C1EA3D0AF00D1D702 /* GLUT.framework in Frameworks */ = {isa = PBXBuildFile; fileRef = BA438A9B1EA3D0AF00D1D702 /* GLUT.framework */; };
		BA438A9E1EA3D0B700D1D702 /* CoreFoundation.framework in Frameworks */ = {isa = PBXBuildFile; fileRef = BA438A9D1EA3D0B700D1D702 /* CoreFoundation.framework */; };
/* End PBXBuildFile section */

/* Begin PBXCopyFilesBuildPhase section */
		BA438A851EA3D07B00D1D702 /* CopyFiles */ = {
			isa = PBXCopyFilesBuildPhase;
			buildActionMask = 2147483647;
			dstPath = /usr/share/man/man1/;
			dstSubfolderSpec = 0;
			files = (
			);
			runOnlyForDeploymentPostprocessing = 1;
		};
/* End PBXCopyFilesBuildPhase section */

/* Begin PBXFileReference section */
		BA438A871EA3D07B00D1D702 /* Trab1 */ = {isa = PBXFileReference; explicitFileType = "compiled.mach-o.executable"; includeInIndex = 0; path = Trab1; sourceTree = BUILT_PRODUCTS_DIR; };
		BA438A911EA3D08F00D1D702 /* image1.png */ = {isa = PBXFileReference; lastKnownFileType = image.png; path = image1.png; sourceTree = "<group>"; };
		BA438A921EA3D08F00D1D702 /* projeto1.c */ = {isa = PBXFileReference; fileEncoding = 4; lastKnownFileType = sourcecode.c.c; path = projeto1.c; sourceTree = "<group>"; };
		BA438A931EA3D08F00D1D702 /* SOIL.h */ = {isa = PBXFileReference; fileEncoding = 4; lastKnownFileType = sourcecode.c.h; path = SOIL.h; sourceTree = "<group>"; };
		BA438A941EA3D08F00D1D702 /* Makefile */ = {isa = PBXFileReference; fileEncoding = 4; lastKnownFileType = sourcecode.make; path = Makefile; sourceTree = "<group>"; };
		BA438A951EA3D08F00D1D702 /* README */ = {isa = PBXFileReference; fileEncoding = 4; lastKnownFileType = text; path = README; sourceTree = "<group>"; };
		BA438A991EA3D0AA00D1D702 /* OpenGL.framework */ = {isa = PBXFileReference; lastKnownFileType = wrapper.framework; name = OpenGL.framework; path = System/Library/Frameworks/OpenGL.framework; sourceTree = SDKROOT; };
		BA438A9B1EA3D0AF00D1D702 /* GLUT.framework */ = {isa = PBXFileReference; lastKnownFileType = wrapper.framework; name = GLUT.framework; path = System/Library/Frameworks/GLUT.framework; sourceTree = SDKROOT; };
		BA438A9D1EA3D0B700D1D702 /* CoreFoundation.framework */ = {isa = PBXFileReference; lastKnownFileType = wrapper.framework; name = CoreFoundation.framework; path = System/Library/Frameworks/CoreFoundation.framework; sourceTree = SDKROOT; };
/* End PBXFileReference section */

/* Begin PBXFrameworksBuildPhase section */
		BA438A841EA3D07B00D1D702 /* Frameworks */ = {
			isa = PBXFrameworksBuildPhase;
			buildActionMask = 2147483647;
			files = (
				BA438A9E1EA3D0B700D1D702 /* CoreFoundation.framework in Frameworks */,
				BA438A9C1EA3D0AF00D1D702 /* GLUT.framework in Frameworks */,
				BA438A9A1EA3D0AA00D1D702 /* OpenGL.framework in Frameworks */,
			);
			runOnlyForDeploymentPostprocessing = 0;
		};
/* End PBXFrameworksBuildPhase section */

/* Begin PBXGroup section */
		BA438A7E1EA3D07B00D1D702 = {
			isa = PBXGroup;
			children = (
				BA438A891EA3D07B00D1D702 /* Trab1 */,
				BA438A881EA3D07B00D1D702 /* Products */,
				BA438A981EA3D0AA00D1D702 /* Frameworks */,
			);
			sourceTree = "<group>";
		};
		BA438A881EA3D07B00D1D702 /* Products */ = {
			isa = PBXGroup;
			children = (
				BA438A871EA3D07B00D1D702 /* Trab1 */,
			);
			name = Products;
			sourceTree = "<group>";
		};
		BA438A891EA3D07B00D1D702 /* Trab1 */ = {
			isa = PBXGroup;
			children = (
				BA438A911EA3D08F00D1D702 /* image1.png */,
				BA438A921EA3D08F00D1D702 /* projeto1.c */,
				BA438A931EA3D08F00D1D702 /* SOIL.h */,
				BA438A941EA3D08F00D1D702 /* Makefile */,
				BA438A951EA3D08F00D1D702 /* README */,
			);
			path = Trab1;
			sourceTree = "<group>";
		};
		BA438A981EA3D0AA00D1D702 /* Frameworks */ = {
			isa = PBXGroup;
			children = (
				BA438A9D1EA3D0B700D1D702 /* CoreFoundation.framework */,
				BA438A9B1EA3D0AF00D1D702 /* GLUT.framework */,
				BA438A991EA3D0AA00D1D702 /* OpenGL.framework */,
			);
			name = Frameworks;
			sourceTree = "<group>";
		};
/* End PBXGroup section */

/* Begin PBXNativeTarget section */
		BA438A861EA3D07B00D1D702 /* Trab1 */ = {
			isa = PBXNativeTarget;
			buildConfigurationList = BA438A8E1EA3D07B00D1D702 /* Build configuration list for PBXNativeTarget "Trab1" */;
			buildPhases = (
				BA438A831EA3D07B00D1D702 /* Sources */,
				BA438A841EA3D07B00D1D702 /* Frameworks */,
				BA438A851EA3D07B00D1D702 /* CopyFiles */,
			);
			buildRules = (
			);
			dependencies = (
			);
			name = Trab1;
			productName = Trab1;
			productReference = BA438A871EA3D07B00D1D702 /* Trab1 */;
			productType = "com.apple.product-type.tool";
		};
/* End PBXNativeTarget section */

/* Begin PBXProject section */
		BA438A7F1EA3D07B00D1D702 /* Project object */ = {
			isa = PBXProject;
			attributes = {
				LastUpgradeCheck = 0830;
				ORGANIZATIONNAME = "Bernardo Duarte";
				TargetAttributes = {
					BA438A861EA3D07B00D1D702 = {
						CreatedOnToolsVersion = 8.3.1;
						ProvisioningStyle = Automatic;
					};
				};
			};
			buildConfigurationList = BA438A821EA3D07B00D1D702 /* Build configuration list for PBXProject "Trab1" */;
			compatibilityVersion = "Xcode 3.2";
			developmentRegion = English;
			hasScannedForEncodings = 0;
			knownRegions = (
				en,
			);
			mainGroup = BA438A7E1EA3D07B00D1D702;
			productRefGroup = BA438A881EA3D07B00D1D702 /* Products */;
			projectDirPath = "";
			projectRoot = "";
			targets = (
				BA438A861EA3D07B00D1D702 /* Trab1 */,
			);
		};
/* End PBXProject section */

/* Begin PBXSourcesBuildPhase section */
		BA438A831EA3D07B00D1D702 /* Sources */ = {
			isa = PBXSourcesBuildPhase;
			buildActionMask = 2147483647;
			files = (
				BA438A971EA3D08F00D1D702 /* Makefile in Sources */,
				BA438A961EA3D08F00D1D702 /* projeto1.c in Sources */,
			);
			runOnlyForDeploymentPostprocessing = 0;
		};
/* End PBXSourcesBuildPhase section */

/* Begin XCBuildConfiguration section */
		BA438A8C1EA3D07B00D1D702 /* Debug */ = {
			isa = XCBuildConfiguration;
			buildSettings = {
				ALWAYS_SEARCH_USER_PATHS = NO;
				CLANG_ANALYZER_NONNULL = YES;
				CLANG_ANALYZER_NUMBER_OBJECT_CONVERSION = YES_AGGRESSIVE;
				CLANG_CXX_LANGUAGE_STANDARD = "gnu++0x";
				CLANG_CXX_LIBRARY = "libc++";
				CLANG_ENABLE_MODULES = YES;
				CLANG_ENABLE_OBJC_ARC = YES;
				CLANG_WARN_BOOL_CONVERSION = YES;
				CLANG_WARN_CONSTANT_CONVERSION = YES;
				CLANG_WARN_DIRECT_OBJC_ISA_USAGE = YES_ERROR;
				CLANG_WARN_DOCUMENTATION_COMMENTS = YES;
				CLANG_WARN_EMPTY_BODY = YES;
				CLANG_WARN_ENUM_CONVERSION = YES;
				CLANG_WARN_INFINITE_RECURSION = YES;
				CLANG_WARN_INT_CONVERSION = YES;
				CLANG_WARN_OBJC_ROOT_CLASS = YES_ERROR;
				CLANG_WARN_SUSPICIOUS_MOVE = YES;
				CLANG_WARN_UNREACHABLE_CODE = YES;
				CLANG_WARN__DUPLICATE_METHOD_MATCH = YES;
				CODE_SIGN_IDENTITY = "-";
				COPY_PHASE_STRIP = NO;
				DEBUG_INFORMATION_FORMAT = dwarf;
				ENABLE_STRICT_OBJC_MSGSEND = YES;
				ENABLE_TESTABILITY = YES;
				GCC_C_LANGUAGE_STANDARD = gnu99;
				GCC_DYNAMIC_NO_PIC = NO;
				GCC_NO_COMMON_BLOCKS = YES;
				GCC_OPTIMIZATION_LEVEL = 0;
				GCC_PREPROCESSOR_DEFINITIONS = (
					"DEBUG=1",
					"$(inherited)",
				);
				GCC_WARN_64_TO_32_BIT_CONVERSION = YES;
				GCC_WARN_ABOUT_RETURN_TYPE = YES_ERROR;
				GCC_WARN_UNDECLARED_SELECTOR = YES;
				GCC_WARN_UNINITIALIZED_AUTOS = YES_AGGRESSIVE;
				GCC_WARN_UNUSED_FUNCTION = YES;
				GCC_WARN_UNUSED_VARIABLE = YES;
				MACOSX_DEPLOYMENT_TARGET = 10.12;
				MTL_ENABLE_DEBUG_INFO = YES;
				ONLY_ACTIVE_ARCH = YES;
				SDKROOT = macosx;
			};
			name = Debug;
		};
		BA438A8D1EA3D07B00D1D702 /* Release */ = {
			isa = XCBuildConfiguration;
			buildSettings = {
				ALWAYS_SEARCH_USER_PATHS = NO;
				CLANG_ANALYZER_NONNULL = YES;
				CLANG_ANALYZER_NUMBER_OBJECT_CONVERSION = YES_AGGRESSIVE;
				CLANG_CXX_LANGUAGE_STANDARD = "gnu++0x";
				CLANG_CXX_LIBRARY = "libc++";
				CLANG_ENABLE_MODULES = YES;
				CLANG_ENABLE_OBJC_ARC = YES;
				CLANG_WARN_BOOL_CONVERSION = YES;
				CLANG_WARN_CONSTANT_CONVERSION = YES;
				CLANG_WARN_DIRECT_OBJC_ISA_USAGE = YES_ERROR;
				CLANG_WARN_DOCUMENTATION_COMMENTS = YES;
				CLANG_WARN_EMPTY_BODY = YES;
				CLANG_WARN_ENUM_CONVERSION = YES;
				CLANG_WARN_INFINITE_RECURSION = YES;
				CLANG_WARN_INT_CONVERSION = YES;
				CLANG_WARN_OBJC_ROOT_CLASS = YES_ERROR;
				CLANG_WARN_SUSPICIOUS_MOVE = YES;
				CLANG_WARN_UNREACHABLE_CODE = YES;
				CLANG_WARN__DUPLICATE_METHOD_MATCH = YES;
				CODE_SIGN_IDENTITY = "-";
				COPY_PHASE_STRIP = NO;
				DEBUG_INFORMATION_FORMAT = "dwarf-with-dsym";
				ENABLE_NS_ASSERTIONS = NO;
				ENABLE_STRICT_OBJC_MSGSEND = YES;
				GCC_C_LANGUAGE_STANDARD = gnu99;
				GCC_NO_COMMON_BLOCKS = YES;
				GCC_WARN_64_TO_32_BIT_CONVERSION = YES;
				GCC_WARN_ABOUT_RETURN_TYPE = YES_ERROR;
				GCC_WARN_UNDECLARED_SELECTOR = YES;
				GCC_WARN_UNINITIALIZED_AUTOS = YES_AGGRESSIVE;
				GCC_WARN_UNUSED_FUNCTION = YES;
				GCC_WARN_UNUSED_VARIABLE = YES;
				MACOSX_DEPLOYMENT_TARGET = 10.12;
				MTL_ENABLE_DEBUG_INFO = NO;
				SDKROOT = macosx;
			};
			name = Release;
		};
		BA438A8F1EA3D07B00D1D702 /* Debug */ = {
			isa = XCBuildConfiguration;
			buildSettings = {
				PRODUCT_NAME = "$(TARGET_NAME)";
			};
			name = Debug;
		};
		BA438A901EA3D07B00D1D702 /* Release */ = {
			isa = XCBuildConfiguration;
			buildSettings = {
				PRODUCT_NAME = "$(TARGET_NAME)";
			};
			name = Release;
		};
/* End XCBuildConfiguration section */

/* Begin XCConfigurationList section */
		BA438A821EA3D07B00D1D702 /* Build configuration list for PBXProject "Trab1" */ = {
			isa = XCConfigurationList;
			buildConfigurations = (
				BA438A8C1EA3D07B00D1D702 /* Debug */,
				BA438A8D1EA3D07B00D1D702 /* Release */,
			);
			defaultConfigurationIsVisible = 0;
			defaultConfigurationName = Release;
		};
		BA438A8E1EA3D07B00D1D702 /* Build configuration list for PBXNativeTarget "Trab1" */ = {
			isa = XCConfigurationList;
			buildConfigurations = (
				BA438A8F1EA3D07B00D1D702 /* Debug */,
				BA438A901EA3D07B00D1D702 /* Release */,
			);
			defaultConfigurationIsVisible = 0;
		};
/* End XCConfigurationList section */
	};
	rootObject = BA438A7F1EA3D07B00D1D702 /* Project object */;
}
